;; Auto-generated by sigil deps install. Do not edit.
(lock
  (package name: "sigil-stdlib"
           url: "codeberg:sigil/sigil"
           ref: ">=0.22.7, <1.0"
           sha: "2a9065f277a6210627ca64a9abbcfa5dc8f58c7b"
           package-selector: "sigil-stdlib"
           version: "0.22.7")
  (package name: "sigil-test"
           url: "codeberg:sigil/sigil"
           ref: ">=0.22.7"
           sha: "2a9065f277a6210627ca64a9abbcfa5dc8f58c7b"
           package-selector: "sigil-test"
           version: "0.22.7")
  (package name: "sigil-test-runner"
           url: "codeberg:sigil/sigil"
           ref: ">=0.22.7"
           sha: "2a9065f277a6210627ca64a9abbcfa5dc8f58c7b"
           package-selector: "sigil-test-runner"
           version: "0.22.7")
  (package name: "sigil-desktop"
           url: "codeberg:sigil/sigil-desktop"
           ref: "^0.13.0"
           sha: "a1e672622304a8e33a81d111e393b1a858a9d0c1"
           version: "0.13.0")
  (package name: "sigil-graphics"
           url: "codeberg:sigil/sigil-graphics"
           ref: "^0.12.0"
           sha: "bfcd31eb33a14ee65cffb17430a326caec4acb84"
           version: "0.12.0")
  (package name: "sigil-json"
           url: "codeberg:sigil/sigil-json"
           ref: "^0.16.0"
           sha: "55c9e74712b5f79b45d41c65cfe0aef2c8f7e155"
           version: "0.16.0")
  (package name: "sigil-browser"
           url: "codeberg:sigil/sigil"
           ref: ">=0.22.7"
           sha: "2a9065f277a6210627ca64a9abbcfa5dc8f58c7b"
           package-selector: "sigil-browser"
           version: "0.22.7")
  (package name: "sigil-lib"
           url: "codeberg:sigil/sigil"
           ref: ">=0.21"
           sha: "2a9065f277a6210627ca64a9abbcfa5dc8f58c7b"
           package-selector: "sigil-lib"
           version: "0.22.7")
  (package name: "sigil-crypto"
           url: "codeberg:sigil/sigil-crypto"
           ref: "^0.16.0"
           sha: "e0a4e8891214b012cdfb1794456eb84d8b9633ad"
           version: "0.16.7")
  (package name: "sigil-sqlite"
           url: "codeberg:sigil/sigil-sqlite"
           ref: "^0.16.0"
           sha: "569ef1063dda8f5989968644af31fc09c64b4bfe"
           version: "0.16.3")
  (package name: "sigil-wasm-gles3"
           url: "codeberg:sigil/sigil"
           ref: ">=0.21"
           sha: "2a9065f277a6210627ca64a9abbcfa5dc8f58c7b"
           package-selector: "sigil-wasm-gles3"
           version: "0.22.7")
)
